
Microsoft Visual Studio Solution File, Format Version 12.00
# Visual Studio Version 16
VisualStudioVersion = 16.0.29201.188
MinimumVisualStudioVersion = 10.0.40219.1
Project("{FAE04EC0-301F-11D3-BF4B-00C04F79EFBC}") = "CenturialScrapers", "CenturialScrapers\CenturialScrapers.csproj", "{054FE131-949E-42DD-A14B-37552F1F43DB}"
EndProject
Project("{FAE04EC0-301F-11D3-BF4B-00C04F79EFBC}") = "Unit", "Unit\Unit.csproj", "{20FA94EF-767F-47F8-AABD-672B02A6BA79}"
EndProject
Global
	GlobalSection(SolutionConfigurationPlatforms) = preSolution
		Debug|Any CPU = Debug|Any CPU
		Release|Any CPU = Release|Any CPU
	EndGlobalSection
	GlobalSection(ProjectConfigurationPlatforms) = postSolution
		{054FE131-949E-42DD-A14B-37552F1F43DB}.Debug|Any CPU.ActiveCfg = Debug|Any CPU
		{054FE131-949E-42DD-A14B-37552F1F43DB}.Debug|Any CPU.Build.0 = Debug|Any CPU
		{054FE131-949E-42DD-A14B-37552F1F43DB}.Release|Any CPU.ActiveCfg = Release|Any CPU
		{054FE131-949E-42DD-A14B-37552F1F43DB}.Release|Any CPU.Build.0 = Release|Any CPU
		{20FA94EF-767F-47F8-AABD-672B02A6BA79}.Debug|Any CPU.ActiveCfg = Debug|Any CPU
		{20FA94EF-767F-47F8-AABD-672B02A6BA79}.Debug|Any CPU.Build.0 = Debug|Any CPU
		{20FA94EF-767F-47F8-AABD-672B02A6BA79}.Release|Any CPU.ActiveCfg = Release|Any CPU
		{20FA94EF-767F-47F8-AABD-672B02A6BA79}.Release|Any CPU.Build.0 = Release|Any CPU
	EndGlobalSection
	GlobalSection(SolutionProperties) = preSolution
		HideSolutionNode = FALSE
	EndGlobalSection
	GlobalSection(ExtensibilityGlobals) = postSolution
		SolutionGuid = {4458D429-8FAA-4379-B4CF-FCABE1683EED}
	EndGlobalSection
EndGlobal
